
Microsoft Visual Studio Solution File, Format Version 11.00
# Visual C# Express 2010
Project("{FAE04EC0-301F-11D3-BF4B-00C04F79EFBC}") = "DS.Projeto.Controller", "DS.Projeto.Controller\DS.Projeto.Controller.csproj", "{B88E695B-8568-48DE-A7A5-D91DDEB3FB53}"
EndProject
Project("{FAE04EC0-301F-11D3-BF4B-00C04F79EFBC}") = "DS.Projeto.Model", "DS.Projeto.Model\DS.Projeto.Model.csproj", "{7C0CA86D-59E2-47B5-9F24-6A68AC02AAFE}"
EndProject
Project("{FAE04EC0-301F-11D3-BF4B-00C04F79EFBC}") = "DS.Projeto.View", "DS.Projeto.View\DS.Projeto.View.csproj", "{09B7C7CE-E829-4530-B297-497BDFDB6907}"
EndProject
Global
	GlobalSection(SolutionConfigurationPlatforms) = preSolution
		Debug|Any CPU = Debug|Any CPU
		Debug|Mixed Platforms = Debug|Mixed Platforms
		Debug|x86 = Debug|x86
		Release|Any CPU = Release|Any CPU
		Release|Mixed Platforms = Release|Mixed Platforms
		Release|x86 = Release|x86
	EndGlobalSection
	GlobalSection(ProjectConfigurationPlatforms) = postSolution
		{B88E695B-8568-48DE-A7A5-D91DDEB3FB53}.Debug|Any CPU.ActiveCfg = Debug|Any CPU
		{B88E695B-8568-48DE-A7A5-D91DDEB3FB53}.Debug|Any CPU.Build.0 = Debug|Any CPU
		{B88E695B-8568-48DE-A7A5-D91DDEB3FB53}.Debug|Mixed Platforms.ActiveCfg = Debug|Any CPU
		{B88E695B-8568-48DE-A7A5-D91DDEB3FB53}.Debug|Mixed Platforms.Build.0 = Debug|Any CPU
		{B88E695B-8568-48DE-A7A5-D91DDEB3FB53}.Debug|x86.ActiveCfg = Debug|Any CPU
		{B88E695B-8568-48DE-A7A5-D91DDEB3FB53}.Release|Any CPU.ActiveCfg = Release|Any CPU
		{B88E695B-8568-48DE-A7A5-D91DDEB3FB53}.Release|Any CPU.Build.0 = Release|Any CPU
		{B88E695B-8568-48DE-A7A5-D91DDEB3FB53}.Release|Mixed Platforms.ActiveCfg = Release|Any CPU
		{B88E695B-8568-48DE-A7A5-D91DDEB3FB53}.Release|Mixed Platforms.Build.0 = Release|Any CPU
		{B88E695B-8568-48DE-A7A5-D91DDEB3FB53}.Release|x86.ActiveCfg = Release|Any CPU
		{7C0CA86D-59E2-47B5-9F24-6A68AC02AAFE}.Debug|Any CPU.ActiveCfg = Debug|Any CPU
		{7C0CA86D-59E2-47B5-9F24-6A68AC02AAFE}.Debug|Any CPU.Build.0 = Debug|Any CPU
		{7C0CA86D-59E2-47B5-9F24-6A68AC02AAFE}.Debug|Mixed Platforms.ActiveCfg = Debug|Any CPU
		{7C0CA86D-59E2-47B5-9F24-6A68AC02AAFE}.Debug|Mixed Platforms.Build.0 = Debug|Any CPU
		{7C0CA86D-59E2-47B5-9F24-6A68AC02AAFE}.Debug|x86.ActiveCfg = Debug|Any CPU
		{7C0CA86D-59E2-47B5-9F24-6A68AC02AAFE}.Release|Any CPU.ActiveCfg = Release|Any CPU
		{7C0CA86D-59E2-47B5-9F24-6A68AC02AAFE}.Release|Any CPU.Build.0 = Release|Any CPU
		{7C0CA86D-59E2-47B5-9F24-6A68AC02AAFE}.Release|Mixed Platforms.ActiveCfg = Release|Any CPU
		{7C0CA86D-59E2-47B5-9F24-6A68AC02AAFE}.Release|Mixed Platforms.Build.0 = Release|Any CPU
		{7C0CA86D-59E2-47B5-9F24-6A68AC02AAFE}.Release|x86.ActiveCfg = Release|Any CPU
		{09B7C7CE-E829-4530-B297-497BDFDB6907}.Debug|Any CPU.ActiveCfg = Debug|x86
		{09B7C7CE-E829-4530-B297-497BDFDB6907}.Debug|Mixed Platforms.ActiveCfg = Debug|x86
		{09B7C7CE-E829-4530-B297-497BDFDB6907}.Debug|Mixed Platforms.Build.0 = Debug|x86
		{09B7C7CE-E829-4530-B297-497BDFDB6907}.Debug|x86.ActiveCfg = Debug|x86
		{09B7C7CE-E829-4530-B297-497BDFDB6907}.Debug|x86.Build.0 = Debug|x86
		{09B7C7CE-E829-4530-B297-497BDFDB6907}.Release|Any CPU.ActiveCfg = Release|x86
		{09B7C7CE-E829-4530-B297-497BDFDB6907}.Release|Mixed Platforms.ActiveCfg = Release|x86
		{09B7C7CE-E829-4530-B297-497BDFDB6907}.Release|Mixed Platforms.Build.0 = Release|x86
		{09B7C7CE-E829-4530-B297-497BDFDB6907}.Release|x86.ActiveCfg = Release|x86
		{09B7C7CE-E829-4530-B297-497BDFDB6907}.Release|x86.Build.0 = Release|x86
	EndGlobalSection
	GlobalSection(SolutionProperties) = preSolution
		HideSolutionNode = FALSE
	EndGlobalSection
EndGlobal
